
Microsoft Visual Studio Solution File, Format Version 12.00
# Visual Studio 15
VisualStudioVersion = 15.0.27130.2024
MinimumVisualStudioVersion = 10.0.40219.1
Project("{8BC9CEB8-8B4A-11D0-8D11-00A0C91BC942}") = "FileMgr", "FileMgr\FileMgr.vcxproj", "{DDEE27FF-855E-4D10-AD7B-79CB8966EF13}"
EndProject
Project("{8BC9CEB8-8B4A-11D0-8D11-00A0C91BC942}") = "CodeRepo", "CodeRepo\CodeRepo.vcxproj", "{D21045A0-432C-4E48-AE5A-93D686947516}"
EndProject
Project("{8BC9CEB8-8B4A-11D0-8D11-00A0C91BC942}") = "Executive", "NoSQLDB\Executive\Executive.vcxproj", "{7CC2C0A5-F346-4AE8-87AA-D7F3D1753CD6}"
EndProject
Project("{8BC9CEB8-8B4A-11D0-8D11-00A0C91BC942}") = "PayLoad", "NoSQLDB\PayLoad\PayLoad.vcxproj", "{CDEF5B56-A678-444B-A782-F85F542C33BC}"
EndProject
Project("{8BC9CEB8-8B4A-11D0-8D11-00A0C91BC942}") = "XmlDocument", "NoSQLDB\XmlDocument\XmlDocument\XmlDocument.vcxproj", "{0A82ECDC-7520-453A-8F2C-D813FEEE7537}"
EndProject
Project("{8BC9CEB8-8B4A-11D0-8D11-00A0C91BC942}") = "Test", "Test\Test.vcxproj", "{DE0168C5-8E1C-44AC-A64A-4B9CD6868A96}"
EndProject
Project("{8BC9CEB8-8B4A-11D0-8D11-00A0C91BC942}") = "CheckIn", "CheckIn\CheckIn.vcxproj", "{65B4FE17-397F-4D09-9526-2AE7E3D4FBD7}"
EndProject
Project("{8BC9CEB8-8B4A-11D0-8D11-00A0C91BC942}") = "Version", "Version\Version.vcxproj", "{51C1CA6E-8808-4CB2-BC0E-E4D7655D2D00}"
EndProject
Project("{8BC9CEB8-8B4A-11D0-8D11-00A0C91BC942}") = "CheckOut", "CheckOut\CheckOut.vcxproj", "{86930CEA-29D8-4434-80F6-D8F116BAC614}"
EndProject
Project("{8BC9CEB8-8B4A-11D0-8D11-00A0C91BC942}") = "Process", "Process\Process.vcxproj", "{5E2548A1-C280-49E1-A2B6-55F4BA12B3F2}"
EndProject
Project("{8BC9CEB8-8B4A-11D0-8D11-00A0C91BC942}") = "Browse", "Browse\Browse.vcxproj", "{47A27C53-D895-4E32-9A99-CC1A013436C5}"
EndProject
Project("{8BC9CEB8-8B4A-11D0-8D11-00A0C91BC942}") = "ExecutiveCodeRepo", "ExecutiveCodeRepo\ExecutiveCodeRepo.vcxproj", "{8FF5710A-773A-44AD-9D1D-813E0D5E6E6B}"
EndProject
Global
	GlobalSection(SolutionConfigurationPlatforms) = preSolution
		Debug|x64 = Debug|x64
		Debug|x86 = Debug|x86
		Release|x64 = Release|x64
		Release|x86 = Release|x86
	EndGlobalSection
	GlobalSection(ProjectConfigurationPlatforms) = postSolution
		{DDEE27FF-855E-4D10-AD7B-79CB8966EF13}.Debug|x64.ActiveCfg = Debug|Win32
		{DDEE27FF-855E-4D10-AD7B-79CB8966EF13}.Debug|x86.ActiveCfg = Debug|Win32
		{DDEE27FF-855E-4D10-AD7B-79CB8966EF13}.Debug|x86.Build.0 = Debug|Win32
		{DDEE27FF-855E-4D10-AD7B-79CB8966EF13}.Release|x64.ActiveCfg = Release|Win32
		{DDEE27FF-855E-4D10-AD7B-79CB8966EF13}.Release|x86.ActiveCfg = Release|Win32
		{DDEE27FF-855E-4D10-AD7B-79CB8966EF13}.Release|x86.Build.0 = Release|Win32
		{D21045A0-432C-4E48-AE5A-93D686947516}.Debug|x64.ActiveCfg = Debug|x64
		{D21045A0-432C-4E48-AE5A-93D686947516}.Debug|x64.Build.0 = Debug|x64
		{D21045A0-432C-4E48-AE5A-93D686947516}.Debug|x86.ActiveCfg = Debug|Win32
		{D21045A0-432C-4E48-AE5A-93D686947516}.Debug|x86.Build.0 = Debug|Win32
		{D21045A0-432C-4E48-AE5A-93D686947516}.Release|x64.ActiveCfg = Release|x64
		{D21045A0-432C-4E48-AE5A-93D686947516}.Release|x64.Build.0 = Release|x64
		{D21045A0-432C-4E48-AE5A-93D686947516}.Release|x86.ActiveCfg = Release|Win32
		{D21045A0-432C-4E48-AE5A-93D686947516}.Release|x86.Build.0 = Release|Win32
		{7CC2C0A5-F346-4AE8-87AA-D7F3D1753CD6}.Debug|x64.ActiveCfg = Debug|x64
		{7CC2C0A5-F346-4AE8-87AA-D7F3D1753CD6}.Debug|x64.Build.0 = Debug|x64
		{7CC2C0A5-F346-4AE8-87AA-D7F3D1753CD6}.Debug|x86.ActiveCfg = Debug|Win32
		{7CC2C0A5-F346-4AE8-87AA-D7F3D1753CD6}.Debug|x86.Build.0 = Debug|Win32
		{7CC2C0A5-F346-4AE8-87AA-D7F3D1753CD6}.Release|x64.ActiveCfg = Release|x64
		{7CC2C0A5-F346-4AE8-87AA-D7F3D1753CD6}.Release|x64.Build.0 = Release|x64
		{7CC2C0A5-F346-4AE8-87AA-D7F3D1753CD6}.Release|x86.ActiveCfg = Release|Win32
		{7CC2C0A5-F346-4AE8-87AA-D7F3D1753CD6}.Release|x86.Build.0 = Release|Win32
		{CDEF5B56-A678-444B-A782-F85F542C33BC}.Debug|x64.ActiveCfg = Debug|x64
		{CDEF5B56-A678-444B-A782-F85F542C33BC}.Debug|x64.Build.0 = Debug|x64
		{CDEF5B56-A678-444B-A782-F85F542C33BC}.Debug|x86.ActiveCfg = Debug|Win32
		{CDEF5B56-A678-444B-A782-F85F542C33BC}.Debug|x86.Build.0 = Debug|Win32
		{CDEF5B56-A678-444B-A782-F85F542C33BC}.Release|x64.ActiveCfg = Release|x64
		{CDEF5B56-A678-444B-A782-F85F542C33BC}.Release|x64.Build.0 = Release|x64
		{CDEF5B56-A678-444B-A782-F85F542C33BC}.Release|x86.ActiveCfg = Release|Win32
		{CDEF5B56-A678-444B-A782-F85F542C33BC}.Release|x86.Build.0 = Release|Win32
		{0A82ECDC-7520-453A-8F2C-D813FEEE7537}.Debug|x64.ActiveCfg = Debug|Win32
		{0A82ECDC-7520-453A-8F2C-D813FEEE7537}.Debug|x86.ActiveCfg = Debug|Win32
		{0A82ECDC-7520-453A-8F2C-D813FEEE7537}.Debug|x86.Build.0 = Debug|Win32
		{0A82ECDC-7520-453A-8F2C-D813FEEE7537}.Release|x64.ActiveCfg = Release|Win32
		{0A82ECDC-7520-453A-8F2C-D813FEEE7537}.Release|x86.ActiveCfg = Release|Win32
		{0A82ECDC-7520-453A-8F2C-D813FEEE7537}.Release|x86.Build.0 = Release|Win32
		{DE0168C5-8E1C-44AC-A64A-4B9CD6868A96}.Debug|x64.ActiveCfg = Debug|x64
		{DE0168C5-8E1C-44AC-A64A-4B9CD6868A96}.Debug|x64.Build.0 = Debug|x64
		{DE0168C5-8E1C-44AC-A64A-4B9CD6868A96}.Debug|x86.ActiveCfg = Debug|Win32
		{DE0168C5-8E1C-44AC-A64A-4B9CD6868A96}.Debug|x86.Build.0 = Debug|Win32
		{DE0168C5-8E1C-44AC-A64A-4B9CD6868A96}.Release|x64.ActiveCfg = Release|x64
		{DE0168C5-8E1C-44AC-A64A-4B9CD6868A96}.Release|x64.Build.0 = Release|x64
		{DE0168C5-8E1C-44AC-A64A-4B9CD6868A96}.Release|x86.ActiveCfg = Release|Win32
		{DE0168C5-8E1C-44AC-A64A-4B9CD6868A96}.Release|x86.Build.0 = Release|Win32
		{65B4FE17-397F-4D09-9526-2AE7E3D4FBD7}.Debug|x64.ActiveCfg = Debug|x64
		{65B4FE17-397F-4D09-9526-2AE7E3D4FBD7}.Debug|x64.Build.0 = Debug|x64
		{65B4FE17-397F-4D09-9526-2AE7E3D4FBD7}.Debug|x86.ActiveCfg = Debug|Win32
		{65B4FE17-397F-4D09-9526-2AE7E3D4FBD7}.Debug|x86.Build.0 = Debug|Win32
		{65B4FE17-397F-4D09-9526-2AE7E3D4FBD7}.Release|x64.ActiveCfg = Release|x64
		{65B4FE17-397F-4D09-9526-2AE7E3D4FBD7}.Release|x64.Build.0 = Release|x64
		{65B4FE17-397F-4D09-9526-2AE7E3D4FBD7}.Release|x86.ActiveCfg = Release|Win32
		{65B4FE17-397F-4D09-9526-2AE7E3D4FBD7}.Release|x86.Build.0 = Release|Win32
		{51C1CA6E-8808-4CB2-BC0E-E4D7655D2D00}.Debug|x64.ActiveCfg = Debug|x64
		{51C1CA6E-8808-4CB2-BC0E-E4D7655D2D00}.Debug|x64.Build.0 = Debug|x64
		{51C1CA6E-8808-4CB2-BC0E-E4D7655D2D00}.Debug|x86.ActiveCfg = Debug|Win32
		{51C1CA6E-8808-4CB2-BC0E-E4D7655D2D00}.Debug|x86.Build.0 = Debug|Win32
		{51C1CA6E-8808-4CB2-BC0E-E4D7655D2D00}.Release|x64.ActiveCfg = Release|x64
		{51C1CA6E-8808-4CB2-BC0E-E4D7655D2D00}.Release|x64.Build.0 = Release|x64
		{51C1CA6E-8808-4CB2-BC0E-E4D7655D2D00}.Release|x86.ActiveCfg = Release|Win32
		{51C1CA6E-8808-4CB2-BC0E-E4D7655D2D00}.Release|x86.Build.0 = Release|Win32
		{86930CEA-29D8-4434-80F6-D8F116BAC614}.Debug|x64.ActiveCfg = Debug|x64
		{86930CEA-29D8-4434-80F6-D8F116BAC614}.Debug|x64.Build.0 = Debug|x64
		{86930CEA-29D8-4434-80F6-D8F116BAC614}.Debug|x86.ActiveCfg = Debug|Win32
		{86930CEA-29D8-4434-80F6-D8F116BAC614}.Debug|x86.Build.0 = Debug|Win32
		{86930CEA-29D8-4434-80F6-D8F116BAC614}.Release|x64.ActiveCfg = Release|x64
		{86930CEA-29D8-4434-80F6-D8F116BAC614}.Release|x64.Build.0 = Release|x64
		{86930CEA-29D8-4434-80F6-D8F116BAC614}.Release|x86.ActiveCfg = Release|Win32
		{86930CEA-29D8-4434-80F6-D8F116BAC614}.Release|x86.Build.0 = Release|Win32
		{5E2548A1-C280-49E1-A2B6-55F4BA12B3F2}.Debug|x64.ActiveCfg = Debug|x64
		{5E2548A1-C280-49E1-A2B6-55F4BA12B3F2}.Debug|x64.Build.0 = Debug|x64
		{5E2548A1-C280-49E1-A2B6-55F4BA12B3F2}.Debug|x86.ActiveCfg = Debug|Win32
		{5E2548A1-C280-49E1-A2B6-55F4BA12B3F2}.Debug|x86.Build.0 = Debug|Win32
		{5E2548A1-C280-49E1-A2B6-55F4BA12B3F2}.Release|x64.ActiveCfg = Release|x64
		{5E2548A1-C280-49E1-A2B6-55F4BA12B3F2}.Release|x64.Build.0 = Release|x64
		{5E2548A1-C280-49E1-A2B6-55F4BA12B3F2}.Release|x86.ActiveCfg = Release|Win32
		{5E2548A1-C280-49E1-A2B6-55F4BA12B3F2}.Release|x86.Build.0 = Release|Win32
		{47A27C53-D895-4E32-9A99-CC1A013436C5}.Debug|x64.ActiveCfg = Debug|x64
		{47A27C53-D895-4E32-9A99-CC1A013436C5}.Debug|x64.Build.0 = Debug|x64
		{47A27C53-D895-4E32-9A99-CC1A013436C5}.Debug|x86.ActiveCfg = Debug|Win32
		{47A27C53-D895-4E32-9A99-CC1A013436C5}.Debug|x86.Build.0 = Debug|Win32
		{47A27C53-D895-4E32-9A99-CC1A013436C5}.Release|x64.ActiveCfg = Release|x64
		{47A27C53-D895-4E32-9A99-CC1A013436C5}.Release|x64.Build.0 = Release|x64
		{47A27C53-D895-4E32-9A99-CC1A013436C5}.Release|x86.ActiveCfg = Release|Win32
		{47A27C53-D895-4E32-9A99-CC1A013436C5}.Release|x86.Build.0 = Release|Win32
		{8FF5710A-773A-44AD-9D1D-813E0D5E6E6B}.Debug|x64.ActiveCfg = Debug|x64
		{8FF5710A-773A-44AD-9D1D-813E0D5E6E6B}.Debug|x64.Build.0 = Debug|x64
		{8FF5710A-773A-44AD-9D1D-813E0D5E6E6B}.Debug|x86.ActiveCfg = Debug|Win32
		{8FF5710A-773A-44AD-9D1D-813E0D5E6E6B}.Debug|x86.Build.0 = Debug|Win32
		{8FF5710A-773A-44AD-9D1D-813E0D5E6E6B}.Release|x64.ActiveCfg = Release|x64
		{8FF5710A-773A-44AD-9D1D-813E0D5E6E6B}.Release|x64.Build.0 = Release|x64
		{8FF5710A-773A-44AD-9D1D-813E0D5E6E6B}.Release|x86.ActiveCfg = Release|Win32
		{8FF5710A-773A-44AD-9D1D-813E0D5E6E6B}.Release|x86.Build.0 = Release|Win32
	EndGlobalSection
	GlobalSection(SolutionProperties) = preSolution
		HideSolutionNode = FALSE
	EndGlobalSection
	GlobalSection(ExtensibilityGlobals) = postSolution
		SolutionGuid = {9B236969-535B-40B2-A318-D42AD34C9D37}
	EndGlobalSection
EndGlobal
